
Microsoft Visual Studio Solution File, Format Version 12.00
# Visual Studio Version 17
VisualStudioVersion = 17.13.35919.96 d17.13
MinimumVisualStudioVersion = 10.0.40219.1
Project("{FAE04EC0-301F-11D3-BF4B-00C04F79EFBC}") = "InitializingCollections", "InitializingCollections\InitializingCollections.csproj", "{C45C6B73-3300-4FBA-B828-BE79766F3393}"
EndProject
Global
	GlobalSection(SolutionConfigurationPlatforms) = preSolution
		Debug|Any CPU = Debug|Any CPU
		Release|Any CPU = Release|Any CPU
	EndGlobalSection
	GlobalSection(ProjectConfigurationPlatforms) = postSolution
		{C45C6B73-3300-4FBA-B828-BE79766F3393}.Debug|Any CPU.ActiveCfg = Debug|Any CPU
		{C45C6B73-3300-4FBA-B828-BE79766F3393}.Debug|Any CPU.Build.0 = Debug|Any CPU
		{C45C6B73-3300-4FBA-B828-BE79766F3393}.Release|Any CPU.ActiveCfg = Release|Any CPU
		{C45C6B73-3300-4FBA-B828-BE79766F3393}.Release|Any CPU.Build.0 = Release|Any CPU
	EndGlobalSection
	GlobalSection(SolutionProperties) = preSolution
		HideSolutionNode = FALSE
	EndGlobalSection
	GlobalSection(ExtensibilityGlobals) = postSolution
		SolutionGuid = {5FA54C3F-108E-4179-ABAF-0D5C846388CC}
	EndGlobalSection
EndGlobal
